
Microsoft Visual Studio Solution File, Format Version 12.00
# Visual Studio 14
VisualStudioVersion = 14.0.24720.0
MinimumVisualStudioVersion = 10.0.40219.1
Project("{FAE04EC0-301F-11D3-BF4B-00C04F79EFBC}") = "CompHi.Core", "CompHi.Core\CompHi.Core.csproj", "{6542C10A-0DBB-455D-8444-18D2B93F7330}"
EndProject
Project("{FAE04EC0-301F-11D3-BF4B-00C04F79EFBC}") = "CompHi.DataAccess", "CompHi.DataAccess\CompHi.DataAccess.csproj", "{8E496AF7-66D7-49FF-9526-09531B51DFB2}"
EndProject
Project("{FAE04EC0-301F-11D3-BF4B-00C04F79EFBC}") = "CompHi.CompHiAPI.Core", "CompHi.CompHiAPI.Core\CompHi.CompHiAPI.Core.csproj", "{6F7966FE-203F-4F72-97F7-0C8CBA2C9809}"
EndProject
Project("{FAE04EC0-301F-11D3-BF4B-00C04F79EFBC}") = "CompHi.CompHiAPI", "CompHi.CompHiAPI\CompHi.CompHiAPI.csproj", "{6FD44B30-2F84-4EA0-99DA-6B79CD930655}"
EndProject
Global
	GlobalSection(SolutionConfigurationPlatforms) = preSolution
		Debug|Any CPU = Debug|Any CPU
		Release|Any CPU = Release|Any CPU
	EndGlobalSection
	GlobalSection(ProjectConfigurationPlatforms) = postSolution
		{6542C10A-0DBB-455D-8444-18D2B93F7330}.Debug|Any CPU.ActiveCfg = Debug|Any CPU
		{6542C10A-0DBB-455D-8444-18D2B93F7330}.Debug|Any CPU.Build.0 = Debug|Any CPU
		{6542C10A-0DBB-455D-8444-18D2B93F7330}.Release|Any CPU.ActiveCfg = Release|Any CPU
		{6542C10A-0DBB-455D-8444-18D2B93F7330}.Release|Any CPU.Build.0 = Release|Any CPU
		{8E496AF7-66D7-49FF-9526-09531B51DFB2}.Debug|Any CPU.ActiveCfg = Debug|Any CPU
		{8E496AF7-66D7-49FF-9526-09531B51DFB2}.Debug|Any CPU.Build.0 = Debug|Any CPU
		{8E496AF7-66D7-49FF-9526-09531B51DFB2}.Release|Any CPU.ActiveCfg = Release|Any CPU
		{8E496AF7-66D7-49FF-9526-09531B51DFB2}.Release|Any CPU.Build.0 = Release|Any CPU
		{6F7966FE-203F-4F72-97F7-0C8CBA2C9809}.Debug|Any CPU.ActiveCfg = Debug|Any CPU
		{6F7966FE-203F-4F72-97F7-0C8CBA2C9809}.Debug|Any CPU.Build.0 = Debug|Any CPU
		{6F7966FE-203F-4F72-97F7-0C8CBA2C9809}.Release|Any CPU.ActiveCfg = Release|Any CPU
		{6F7966FE-203F-4F72-97F7-0C8CBA2C9809}.Release|Any CPU.Build.0 = Release|Any CPU
		{6FD44B30-2F84-4EA0-99DA-6B79CD930655}.Debug|Any CPU.ActiveCfg = Debug|Any CPU
		{6FD44B30-2F84-4EA0-99DA-6B79CD930655}.Debug|Any CPU.Build.0 = Debug|Any CPU
		{6FD44B30-2F84-4EA0-99DA-6B79CD930655}.Release|Any CPU.ActiveCfg = Release|Any CPU
		{6FD44B30-2F84-4EA0-99DA-6B79CD930655}.Release|Any CPU.Build.0 = Release|Any CPU
	EndGlobalSection
	GlobalSection(SolutionProperties) = preSolution
		HideSolutionNode = FALSE
	EndGlobalSection
EndGlobal
